
Microsoft Visual Studio Solution File, Format Version 12.00
# Visual Studio 15
VisualStudioVersion = 15.0.28010.2050
MinimumVisualStudioVersion = 10.0.40219.1
Project("{FAE04EC0-301F-11D3-BF4B-00C04F79EFBC}") = "IterationExamples", "IterationExamples\IterationExamples.csproj", "{EAAE04FE-38DB-410A-879B-77445D17F4A7}"
EndProject
Global
	GlobalSection(SolutionConfigurationPlatforms) = preSolution
		Debug|Any CPU = Debug|Any CPU
		Release|Any CPU = Release|Any CPU
	EndGlobalSection
	GlobalSection(ProjectConfigurationPlatforms) = postSolution
		{EAAE04FE-38DB-410A-879B-77445D17F4A7}.Debug|Any CPU.ActiveCfg = Debug|Any CPU
		{EAAE04FE-38DB-410A-879B-77445D17F4A7}.Debug|Any CPU.Build.0 = Debug|Any CPU
		{EAAE04FE-38DB-410A-879B-77445D17F4A7}.Release|Any CPU.ActiveCfg = Release|Any CPU
		{EAAE04FE-38DB-410A-879B-77445D17F4A7}.Release|Any CPU.Build.0 = Release|Any CPU
	EndGlobalSection
	GlobalSection(SolutionProperties) = preSolution
		HideSolutionNode = FALSE
	EndGlobalSection
	GlobalSection(ExtensibilityGlobals) = postSolution
		SolutionGuid = {92EE38D5-48BC-4547-B2AE-A0778732F4F8}
	EndGlobalSection
EndGlobal
