
Microsoft Visual Studio Solution File, Format Version 12.00
# Visual Studio 15
VisualStudioVersion = 15.0.28010.2050
MinimumVisualStudioVersion = 10.0.40219.1
Project("{FAE04EC0-301F-11D3-BF4B-00C04F79EFBC}") = "IncomeComparisonProgram", "IncomeComparisonProgram\IncomeComparisonProgram.csproj", "{089E87AF-498A-4A4B-8CF8-6FC21F94DC20}"
EndProject
Global
	GlobalSection(SolutionConfigurationPlatforms) = preSolution
		Debug|Any CPU = Debug|Any CPU
		Release|Any CPU = Release|Any CPU
	EndGlobalSection
	GlobalSection(ProjectConfigurationPlatforms) = postSolution
		{089E87AF-498A-4A4B-8CF8-6FC21F94DC20}.Debug|Any CPU.ActiveCfg = Debug|Any CPU
		{089E87AF-498A-4A4B-8CF8-6FC21F94DC20}.Debug|Any CPU.Build.0 = Debug|Any CPU
		{089E87AF-498A-4A4B-8CF8-6FC21F94DC20}.Release|Any CPU.ActiveCfg = Release|Any CPU
		{089E87AF-498A-4A4B-8CF8-6FC21F94DC20}.Release|Any CPU.Build.0 = Release|Any CPU
	EndGlobalSection
	GlobalSection(SolutionProperties) = preSolution
		HideSolutionNode = FALSE
	EndGlobalSection
	GlobalSection(ExtensibilityGlobals) = postSolution
		SolutionGuid = {32545F96-A0A0-49EB-8885-AB518872F328}
	EndGlobalSection
EndGlobal
