
Microsoft Visual Studio Solution File, Format Version 12.00
# Visual Studio 15
VisualStudioVersion = 15.0.28010.2050
MinimumVisualStudioVersion = 10.0.40219.1
Project("{FAE04EC0-301F-11D3-BF4B-00C04F79EFBC}") = "TechAcademyDailyReport", "TechAcademyDailyReport\TechAcademyDailyReport.csproj", "{239FBBAF-70FA-4C4E-9CA3-66E099CF190A}"
EndProject
Global
	GlobalSection(SolutionConfigurationPlatforms) = preSolution
		Debug|Any CPU = Debug|Any CPU
		Release|Any CPU = Release|Any CPU
	EndGlobalSection
	GlobalSection(ProjectConfigurationPlatforms) = postSolution
		{239FBBAF-70FA-4C4E-9CA3-66E099CF190A}.Debug|Any CPU.ActiveCfg = Debug|Any CPU
		{239FBBAF-70FA-4C4E-9CA3-66E099CF190A}.Debug|Any CPU.Build.0 = Debug|Any CPU
		{239FBBAF-70FA-4C4E-9CA3-66E099CF190A}.Release|Any CPU.ActiveCfg = Release|Any CPU
		{239FBBAF-70FA-4C4E-9CA3-66E099CF190A}.Release|Any CPU.Build.0 = Release|Any CPU
	EndGlobalSection
	GlobalSection(SolutionProperties) = preSolution
		HideSolutionNode = FALSE
	EndGlobalSection
	GlobalSection(ExtensibilityGlobals) = postSolution
		SolutionGuid = {42E7CE4C-1F7A-41F9-BFA5-57457B7F4D5C}
	EndGlobalSection
EndGlobal
