
Microsoft Visual Studio Solution File, Format Version 12.00
# Visual Studio 15
VisualStudioVersion = 15.0.28010.2050
MinimumVisualStudioVersion = 10.0.40219.1
Project("{FAE04EC0-301F-11D3-BF4B-00C04F79EFBC}") = "MethodsOne", "MethodsOne\MethodsOne.csproj", "{A9914BA4-68F8-42D8-8132-9F21DF5D1EE1}"
EndProject
Global
	GlobalSection(SolutionConfigurationPlatforms) = preSolution
		Debug|Any CPU = Debug|Any CPU
		Release|Any CPU = Release|Any CPU
	EndGlobalSection
	GlobalSection(ProjectConfigurationPlatforms) = postSolution
		{A9914BA4-68F8-42D8-8132-9F21DF5D1EE1}.Debug|Any CPU.ActiveCfg = Debug|Any CPU
		{A9914BA4-68F8-42D8-8132-9F21DF5D1EE1}.Debug|Any CPU.Build.0 = Debug|Any CPU
		{A9914BA4-68F8-42D8-8132-9F21DF5D1EE1}.Release|Any CPU.ActiveCfg = Release|Any CPU
		{A9914BA4-68F8-42D8-8132-9F21DF5D1EE1}.Release|Any CPU.Build.0 = Release|Any CPU
	EndGlobalSection
	GlobalSection(SolutionProperties) = preSolution
		HideSolutionNode = FALSE
	EndGlobalSection
	GlobalSection(ExtensibilityGlobals) = postSolution
		SolutionGuid = {7795C21A-7AF1-4450-919F-8BAC2D0FC84B}
	EndGlobalSection
EndGlobal
